
Microsoft Visual Studio Solution File, Format Version 12.00
# Visual Studio 15
VisualStudioVersion = 15.0.28010.2026
MinimumVisualStudioVersion = 10.0.40219.1
Project("{FAE04EC0-301F-11D3-BF4B-00C04F79EFBC}") = "KataSolver", "KataSolver\KataSolver.csproj", "{8473B265-7A1C-4872-8688-EF882390FD97}"
EndProject
Global
	GlobalSection(SolutionConfigurationPlatforms) = preSolution
		Debug|Any CPU = Debug|Any CPU
		Release|Any CPU = Release|Any CPU
	EndGlobalSection
	GlobalSection(ProjectConfigurationPlatforms) = postSolution
		{8473B265-7A1C-4872-8688-EF882390FD97}.Debug|Any CPU.ActiveCfg = Debug|Any CPU
		{8473B265-7A1C-4872-8688-EF882390FD97}.Debug|Any CPU.Build.0 = Debug|Any CPU
		{8473B265-7A1C-4872-8688-EF882390FD97}.Release|Any CPU.ActiveCfg = Release|Any CPU
		{8473B265-7A1C-4872-8688-EF882390FD97}.Release|Any CPU.Build.0 = Release|Any CPU
	EndGlobalSection
	GlobalSection(SolutionProperties) = preSolution
		HideSolutionNode = FALSE
	EndGlobalSection
	GlobalSection(ExtensibilityGlobals) = postSolution
		SolutionGuid = {0DDBD05B-E2CB-4C1C-9983-6156240EED8F}
	EndGlobalSection
EndGlobal
